{
  "name": "line-tool",
  "version": "0.0.0",
  "lockfileVersion": 3,
  "requires": true,
  "packages": {
    "": {
      "name": "line-tool",
      "version": "0.0.0",
      "dependencies": {
        "@line/liff": "2.23.2"
      },
      "devDependencies": {
        "@typescript/lib-dom": "npm:@types/web",
        "typescript": "5.4.2",
        "vite": "5.1.5"
      }
    },
    "node_modules/@esbuild/win32-x64": {
      "version": "0.19.12",
      "cpu": [
        "x64"
      ],
      "dev": true,
      "license": "MIT",
      "optional": true,
      "os": [
        "win32"
      ],
      "engines": {
        "node": ">=12"
      }
    },
    "node_modules/@liff/add-to-home-screen": {
      "version": "2.23.2",
      "license": "SEE LICENSE IN README.md",
      "dependencies": {
        "@liff/consts": "2.23.2",
        "@liff/open-window": "2.23.2",
        "@liff/types": "2.23.2",
        "@liff/util": "2.23.2"
      },
      "peerDependencies": {
        "tslib": "^2.3.0"
      }
    },
    "node_modules/@liff/analytics": {
      "version": "2.23.2",
      "license": "SEE LICENSE IN README.md",
      "dependencies": {
        "@liff/consts": "2.23.2",
        "@liff/core": "2.23.2",
        "@liff/get-profile": "2.23.2",
        "@liff/get-version": "2.23.2",
        "@liff/is-logged-in": "2.23.2",
        "@liff/logger": "2.23.2",
        "@liff/store": "2.23.2",
        "@liff/types": "2.23.2",
        "@liff/use": "2.23.2",
        "@liff/util": "2.23.2"
      },
      "peerDependencies": {
        "tslib": "^2.3.0"
      }
    },
    "node_modules/@liff/check-availability": {
      "version": "2.23.2",
      "license": "SEE LICENSE IN README.md",
      "dependencies": {
        "@liff/get-version": "2.23.2",
        "@liff/is-api-available": "2.23.2",
        "@liff/types": "2.23.2",
        "@liff/util": "2.23.2"
      },
      "peerDependencies": {
        "tslib": "^2.3.0"
      }
    },
    "node_modules/@liff/close-window": {
      "version": "2.23.2",
      "license": "SEE LICENSE IN README.md",
      "dependencies": {
        "@liff/get-line-version": "2.23.2",
        "@liff/get-os": "2.23.2",
        "@liff/native-bridge": "2.23.2",
        "@liff/types": "2.23.2",
        "@liff/use": "2.23.2",
        "@liff/util": "2.23.2"
      },
      "peerDependencies": {
        "tslib": "^2.3.0"
      }
    },
    "node_modules/@liff/consts": {
      "version": "2.23.2",
      "license": "SEE LICENSE IN README.md",
      "peerDependencies": {
        "tslib": "^2.3.0"
      }
    },
    "node_modules/@liff/core": {
      "version": "2.23.2",
      "license": "SEE LICENSE IN README.md",
      "dependencies": {
        "@liff/get-version": "2.23.2",
        "@liff/init": "2.23.2",
        "@liff/native-bridge": "2.23.2",
        "@liff/ready": "2.23.2",
        "@liff/store": "2.23.2",
        "@liff/use": "2.23.2"
      },
      "peerDependencies": {
        "tslib": "^2.3.0"
      }
    },
    "node_modules/@liff/create-shortcut-on-home-screen": {
      "version": "2.23.2",
      "license": "SEE LICENSE IN README.md",
      "dependencies": {
        "@liff/consts": "2.23.2",
        "@liff/get-os": "2.23.2",
        "@liff/is-api-available": "2.23.2",
        "@liff/is-in-client": "2.23.2",
        "@liff/open-window": "2.23.2",
        "@liff/permanent-link": "2.23.2",
        "@liff/server-api": "2.23.2",
        "@liff/store": "2.23.2",
        "@liff/use": "2.23.2",
        "@liff/util": "2.23.2"
      },
      "peerDependencies": {
        "tslib": "^2.3.0"
      }
    },
    "node_modules/@liff/extensions": {
      "version": "2.23.2",
      "license": "SEE LICENSE IN README.md",
      "dependencies": {
        "@liff/add-to-home-screen": "2.23.2",
        "@liff/check-availability": "2.23.2",
        "@liff/consts": "2.23.2",
        "@liff/get-advertising-id": "2.23.2",
        "@liff/get-line-version": "2.23.2",
        "@liff/get-os": "2.23.2",
        "@liff/logger": "2.23.2",
        "@liff/scan-code": "2.23.2",
        "@liff/store": "2.23.2",
        "@liff/types": "2.23.2",
        "@liff/util": "2.23.2"
      }
    },
    "node_modules/@liff/get-advertising-id": {
      "version": "2.23.2",
      "license": "SEE LICENSE IN README.md",
      "dependencies": {
        "@liff/types": "2.23.2"
      },
      "peerDependencies": {
        "tslib": "^2.3.0"
      }
    },
    "node_modules/@liff/get-friendship": {
      "version": "2.23.2",
      "license": "SEE LICENSE IN README.md",
      "dependencies": {
        "@liff/permission": "2.23.2",
        "@liff/server-api": "2.23.2",
        "@liff/use": "2.23.2"
      },
      "peerDependencies": {
        "tslib": "^2.3.0"
      }
    },
    "node_modules/@liff/get-language": {
      "version": "2.23.2",
      "license": "SEE LICENSE IN README.md",
      "dependencies": {
        "@liff/use": "2.23.2"
      },
      "peerDependencies": {
        "tslib": "^2.3.0"
      }
    },
    "node_modules/@liff/get-line-version": {
      "version": "2.23.2",
      "license": "SEE LICENSE IN README.md",
      "dependencies": {
        "@liff/use": "2.23.2"
      },
      "peerDependencies": {
        "tslib": "^2.3.0"
      }
    },
    "node_modules/@liff/get-os": {
      "version": "2.23.2",
      "license": "SEE LICENSE IN README.md",
      "dependencies": {
        "@liff/use": "2.23.2"
      },
      "peerDependencies": {
        "tslib": "^2.3.0"
      }
    },
    "node_modules/@liff/get-profile": {
      "version": "2.23.2",
      "license": "SEE LICENSE IN README.md",
      "dependencies": {
        "@liff/permission": "2.23.2",
        "@liff/server-api": "2.23.2",
        "@liff/use": "2.23.2"
      },
      "peerDependencies": {
        "tslib": "^2.3.0"
      }
    },
    "node_modules/@liff/get-version": {
      "version": "2.23.2",
      "license": "SEE LICENSE IN README.md",
      "dependencies": {
        "@liff/use": "2.23.2"
      },
      "peerDependencies": {
        "tslib": "^2.3.0"
      }
    },
    "node_modules/@liff/hooks": {
      "version": "2.23.2",
      "license": "SEE LICENSE IN README.md",
      "peerDependencies": {
        "tslib": "^2.3.0"
      }
    },
    "node_modules/@liff/i18n": {
      "version": "2.23.2",
      "license": "SEE LICENSE IN README.md",
      "dependencies": {
        "@liff/consts": "2.23.2",
        "@liff/server-api": "2.23.2",
        "@liff/use": "2.23.2",
        "@liff/util": "2.23.2"
      },
      "peerDependencies": {
        "tslib": "^2.3.0"
      }
    },
    "node_modules/@liff/init": {
      "version": "2.23.2",
      "license": "SEE LICENSE IN README.md",
      "dependencies": {
        "@liff/check-availability": "2.23.2",
        "@liff/close-window": "2.23.2",
        "@liff/consts": "2.23.2",
        "@liff/extensions": "2.23.2",
        "@liff/get-line-version": "2.23.2",
        "@liff/get-os": "2.23.2",
        "@liff/hooks": "2.23.2",
        "@liff/i18n": "2.23.2",
        "@liff/is-api-available": "2.23.2",
        "@liff/is-in-client": "2.23.2",
        "@liff/is-logged-in": "2.23.2",
        "@liff/is-sub-window": "2.23.2",
        "@liff/logger": "2.23.2",
        "@liff/login": "2.23.2",
        "@liff/logout": "2.23.2",
        "@liff/message-bus": "2.23.2",
        "@liff/native-bridge": "2.23.2",
        "@liff/ready": "2.23.2",
        "@liff/server-api": "2.23.2",
        "@liff/store": "2.23.2",
        "@liff/sub-window": "2.23.2",
        "@liff/types": "2.23.2",
        "@liff/use": "2.23.2",
        "@liff/util": "2.23.2"
      },
      "peerDependencies": {
        "tslib": "^2.3.0"
      }
    },
    "node_modules/@liff/is-api-available": {
      "version": "2.23.2",
      "license": "SEE LICENSE IN README.md",
      "dependencies": {
        "@liff/consts": "2.23.2",
        "@liff/get-line-version": "2.23.2",
        "@liff/get-os": "2.23.2",
        "@liff/is-in-client": "2.23.2",
        "@liff/is-logged-in": "2.23.2",
        "@liff/is-sub-window": "2.23.2",
        "@liff/store": "2.23.2",
        "@liff/use": "2.23.2",
        "@liff/util": "2.23.2"
      },
      "peerDependencies": {
        "tslib": "^2.3.0"
      }
    },
    "node_modules/@liff/is-in-client": {
      "version": "2.23.2",
      "license": "SEE LICENSE IN README.md",
      "dependencies": {
        "@liff/consts": "2.23.2",
        "@liff/use": "2.23.2",
        "@liff/util": "2.23.2"
      },
      "peerDependencies": {
        "tslib": "^2.3.0"
      }
    },
    "node_modules/@liff/is-logged-in": {
      "version": "2.23.2",
      "license": "SEE LICENSE IN README.md",
      "dependencies": {
        "@liff/store": "2.23.2",
        "@liff/use": "2.23.2"
      },
      "peerDependencies": {
        "tslib": "^2.3.0"
      }
    },
    "node_modules/@liff/is-sub-window": {
      "version": "2.23.2",
      "license": "SEE LICENSE IN README.md",
      "dependencies": {
        "@liff/consts": "2.23.2",
        "@liff/is-in-client": "2.23.2",
        "@liff/store": "2.23.2",
        "@liff/use": "2.23.2",
        "@liff/util": "2.23.2"
      },
      "peerDependencies": {
        "tslib": "^2.3.0"
      }
    },
    "node_modules/@liff/liff-types": {
      "version": "2.23.2",
      "license": "SEE LICENSE IN README.md",
      "dependencies": {
        "@liff/analytics": "2.23.2",
        "@liff/close-window": "2.23.2",
        "@liff/create-shortcut-on-home-screen": "2.23.2",
        "@liff/get-friendship": "2.23.2",
        "@liff/get-language": "2.23.2",
        "@liff/get-line-version": "2.23.2",
        "@liff/get-os": "2.23.2",
        "@liff/get-profile": "2.23.2",
        "@liff/get-version": "2.23.2",
        "@liff/i18n": "2.23.2",
        "@liff/init": "2.23.2",
        "@liff/is-api-available": "2.23.2",
        "@liff/is-in-client": "2.23.2",
        "@liff/is-logged-in": "2.23.2",
        "@liff/is-sub-window": "2.23.2",
        "@liff/login": "2.23.2",
        "@liff/logout": "2.23.2",
        "@liff/native-bridge": "2.23.2",
        "@liff/open-window": "2.23.2",
        "@liff/permanent-link": "2.23.2",
        "@liff/permission": "2.23.2",
        "@liff/ready": "2.23.2",
        "@liff/scan-code-v2": "2.23.2",
        "@liff/send-messages": "2.23.2",
        "@liff/share-target-picker": "2.23.2",
        "@liff/store": "2.23.2",
        "@liff/sub-window": "2.23.2",
        "@liff/use": "2.23.2"
      },
      "peerDependencies": {
        "tslib": "^2.3.0"
      }
    },
    "node_modules/@liff/logger": {
      "version": "2.23.2",
      "license": "SEE LICENSE IN README.md",
      "peerDependencies": {
        "tslib": "^2.3.0"
      }
    },
    "node_modules/@liff/login": {
      "version": "2.23.2",
      "license": "SEE LICENSE IN README.md",
      "dependencies": {
        "@liff/consts": "2.23.2",
        "@liff/get-version": "2.23.2",
        "@liff/hooks": "2.23.2",
        "@liff/is-in-client": "2.23.2",
        "@liff/is-sub-window": "2.23.2",
        "@liff/logger": "2.23.2",
        "@liff/server-api": "2.23.2",
        "@liff/store": "2.23.2",
        "@liff/sub-window": "2.23.2",
        "@liff/use": "2.23.2",
        "@liff/util": "2.23.2",
        "tiny-sha256": "^1.0.2"
      },
      "peerDependencies": {
        "tslib": "^2.3.0"
      }
    },
    "node_modules/@liff/logout": {
      "version": "2.23.2",
      "license": "SEE LICENSE IN README.md",
      "dependencies": {
        "@liff/store": "2.23.2",
        "@liff/use": "2.23.2"
      },
      "peerDependencies": {
        "tslib": "^2.3.0"
      }
    },
    "node_modules/@liff/message-bus": {
      "version": "2.23.2",
      "license": "SEE LICENSE IN README.md",
      "dependencies": {
        "@liff/consts": "2.23.2",
        "@liff/store": "2.23.2",
        "@liff/util": "2.23.2"
      },
      "peerDependencies": {
        "tslib": "^2.3.0"
      }
    },
    "node_modules/@liff/native-bridge": {
      "version": "2.23.2",
      "license": "SEE LICENSE IN README.md",
      "dependencies": {
        "@liff/consts": "2.23.2",
        "@liff/logger": "2.23.2",
        "@liff/store": "2.23.2",
        "@liff/types": "2.23.2",
        "@liff/util": "2.23.2"
      },
      "peerDependencies": {
        "tslib": "^2.3.0"
      }
    },
    "node_modules/@liff/open-window": {
      "version": "2.23.2",
      "license": "SEE LICENSE IN README.md",
      "dependencies": {
        "@liff/consts": "2.23.2",
        "@liff/get-line-version": "2.23.2",
        "@liff/get-os": "2.23.2",
        "@liff/is-in-client": "2.23.2",
        "@liff/native-bridge": "2.23.2",
        "@liff/types": "2.23.2",
        "@liff/use": "2.23.2",
        "@liff/util": "2.23.2"
      },
      "peerDependencies": {
        "tslib": "^2.3.0"
      }
    },
    "node_modules/@liff/permanent-link": {
      "version": "2.23.2",
      "license": "SEE LICENSE IN README.md",
      "dependencies": {
        "@liff/consts": "2.23.2",
        "@liff/server-api": "2.23.2",
        "@liff/store": "2.23.2",
        "@liff/use": "2.23.2",
        "@liff/util": "2.23.2"
      },
      "peerDependencies": {
        "tslib": "^2.3.0"
      }
    },
    "node_modules/@liff/permission": {
      "version": "2.23.2",
      "license": "SEE LICENSE IN README.md",
      "dependencies": {
        "@liff/consts": "2.23.2",
        "@liff/is-api-available": "2.23.2",
        "@liff/is-in-client": "2.23.2",
        "@liff/server-api": "2.23.2",
        "@liff/store": "2.23.2",
        "@liff/sub-window": "2.23.2",
        "@liff/use": "2.23.2",
        "@liff/util": "2.23.2"
      },
      "peerDependencies": {
        "tslib": "^2.3.0"
      }
    },
    "node_modules/@liff/ready": {
      "version": "2.23.2",
      "license": "SEE LICENSE IN README.md",
      "peerDependencies": {
        "tslib": "^2.3.0"
      }
    },
    "node_modules/@liff/scan-code": {
      "version": "2.23.2",
      "license": "SEE LICENSE IN README.md",
      "dependencies": {
        "@liff/types": "2.23.2"
      },
      "peerDependencies": {
        "tslib": "^2.3.0"
      }
    },
    "node_modules/@liff/scan-code-v2": {
      "version": "2.23.2",
      "license": "SEE LICENSE IN README.md",
      "dependencies": {
        "@liff/consts": "2.23.2",
        "@liff/is-api-available": "2.23.2",
        "@liff/sub-window": "2.23.2",
        "@liff/use": "2.23.2",
        "@liff/util": "2.23.2"
      },
      "peerDependencies": {
        "tslib": "^2.3.0"
      }
    },
    "node_modules/@liff/send-messages": {
      "version": "2.23.2",
      "license": "SEE LICENSE IN README.md",
      "dependencies": {
        "@liff/consts": "2.23.2",
        "@liff/get-line-version": "2.23.2",
        "@liff/get-os": "2.23.2",
        "@liff/permission": "2.23.2",
        "@liff/server-api": "2.23.2",
        "@liff/use": "2.23.2",
        "@liff/util": "2.23.2",
        "@line/bot-sdk": "^7.0.0"
      },
      "peerDependencies": {
        "tslib": "^2.3.0"
      }
    },
    "node_modules/@liff/server-api": {
      "version": "2.23.2",
      "license": "SEE LICENSE IN README.md",
      "dependencies": {
        "@liff/consts": "2.23.2",
        "@liff/store": "2.23.2",
        "@liff/util": "2.23.2"
      },
      "peerDependencies": {
        "tslib": "^2.3.0"
      }
    },
    "node_modules/@liff/share-target-picker": {
      "version": "2.23.2",
      "license": "SEE LICENSE IN README.md",
      "dependencies": {
        "@liff/analytics": "2.23.2",
        "@liff/consts": "2.23.2",
        "@liff/get-line-version": "2.23.2",
        "@liff/get-os": "2.23.2",
        "@liff/is-api-available": "2.23.2",
        "@liff/is-in-client": "2.23.2",
        "@liff/is-logged-in": "2.23.2",
        "@liff/is-sub-window": "2.23.2",
        "@liff/logger": "2.23.2",
        "@liff/send-messages": "2.23.2",
        "@liff/server-api": "2.23.2",
        "@liff/store": "2.23.2",
        "@liff/types": "2.23.2",
        "@liff/use": "2.23.2",
        "@liff/util": "2.23.2",
        "@liff/window-postmessage": "2.23.2"
      },
      "peerDependencies": {
        "tslib": "^2.3.0"
      }
    },
    "node_modules/@liff/store": {
      "version": "2.23.2",
      "license": "SEE LICENSE IN README.md",
      "dependencies": {
        "@liff/consts": "2.23.2",
        "@liff/is-in-client": "2.23.2",
        "@liff/types": "2.23.2",
        "@liff/use": "2.23.2",
        "@liff/util": "2.23.2"
      },
      "peerDependencies": {
        "tslib": "^2.3.0"
      }
    },
    "node_modules/@liff/sub-window": {
      "version": "2.23.2",
      "license": "SEE LICENSE IN README.md",
      "dependencies": {
        "@liff/close-window": "2.23.2",
        "@liff/consts": "2.23.2",
        "@liff/get-os": "2.23.2",
        "@liff/is-api-available": "2.23.2",
        "@liff/is-in-client": "2.23.2",
        "@liff/is-sub-window": "2.23.2",
        "@liff/logger": "2.23.2",
        "@liff/message-bus": "2.23.2",
        "@liff/server-api": "2.23.2",
        "@liff/store": "2.23.2",
        "@liff/use": "2.23.2",
        "@liff/util": "2.23.2"
      },
      "peerDependencies": {
        "tslib": "^2.3.0"
      }
    },
    "node_modules/@liff/types": {
      "version": "2.23.2",
      "license": "SEE LICENSE IN README.md"
    },
    "node_modules/@liff/use": {
      "version": "2.23.2",
      "license": "SEE LICENSE IN README.md",
      "dependencies": {
        "@liff/hooks": "2.23.2",
        "@liff/logger": "2.23.2"
      },
      "peerDependencies": {
        "tslib": "^2.3.0"
      }
    },
    "node_modules/@liff/util": {
      "version": "2.23.2",
      "license": "SEE LICENSE IN README.md",
      "dependencies": {
        "@liff/consts": "2.23.2",
        "@liff/logger": "2.23.2"
      },
      "peerDependencies": {
        "tslib": "^2.3.0"
      }
    },
    "node_modules/@liff/window-postmessage": {
      "version": "2.23.2",
      "license": "SEE LICENSE IN README.md",
      "dependencies": {
        "@liff/consts": "2.23.2",
        "@liff/logger": "2.23.2",
        "@liff/util": "2.23.2"
      },
      "peerDependencies": {
        "tslib": "^2.3.0"
      }
    },
    "node_modules/@line/bot-sdk": {
      "version": "7.7.0",
      "license": "Apache-2.0",
      "dependencies": {
        "@types/body-parser": "^1.19.2",
        "@types/node": "^18.0.0",
        "axios": "^1.0.0",
        "body-parser": "^1.20.0",
        "file-type": "^16.5.4",
        "form-data": "^4.0.0"
      },
      "engines": {
        "node": ">=18"
      }
    },
    "node_modules/@line/liff": {
      "version": "2.23.2",
      "license": "SEE LICENSE IN README.md",
      "dependencies": {
        "@liff/analytics": "2.23.2",
        "@liff/close-window": "2.23.2",
        "@liff/consts": "2.23.2",
        "@liff/core": "2.23.2",
        "@liff/create-shortcut-on-home-screen": "2.23.2",
        "@liff/extensions": "2.23.2",
        "@liff/get-friendship": "2.23.2",
        "@liff/get-language": "2.23.2",
        "@liff/get-line-version": "2.23.2",
        "@liff/get-os": "2.23.2",
        "@liff/get-profile": "2.23.2",
        "@liff/get-version": "2.23.2",
        "@liff/hooks": "2.23.2",
        "@liff/i18n": "2.23.2",
        "@liff/init": "2.23.2",
        "@liff/is-api-available": "2.23.2",
        "@liff/is-in-client": "2.23.2",
        "@liff/is-logged-in": "2.23.2",
        "@liff/is-sub-window": "2.23.2",
        "@liff/liff-types": "2.23.2",
        "@liff/login": "2.23.2",
        "@liff/logout": "2.23.2",
        "@liff/native-bridge": "2.23.2",
        "@liff/open-window": "2.23.2",
        "@liff/permanent-link": "2.23.2",
        "@liff/permission": "2.23.2",
        "@liff/ready": "2.23.2",
        "@liff/scan-code-v2": "2.23.2",
        "@liff/send-messages": "2.23.2",
        "@liff/server-api": "2.23.2",
        "@liff/share-target-picker": "2.23.2",
        "@liff/store": "2.23.2",
        "@liff/sub-window": "2.23.2",
        "@liff/use": "2.23.2",
        "@liff/util": "2.23.2",
        "tslib": "^2.3.0",
        "whatwg-fetch": "^3.0.0"
      }
    },
    "node_modules/@rollup/rollup-win32-x64-msvc": {
      "version": "4.12.1",
      "cpu": [
        "x64"
      ],
      "dev": true,
      "license": "MIT",
      "optional": true,
      "os": [
        "win32"
      ]
    },
    "node_modules/@tokenizer/token": {
      "version": "0.3.0",
      "license": "MIT"
    },
    "node_modules/@types/body-parser": {
      "version": "1.19.5",
      "license": "MIT",
      "dependencies": {
        "@types/connect": "*",
        "@types/node": "*"
      }
    },
    "node_modules/@types/connect": {
      "version": "3.4.38",
      "license": "MIT",
      "dependencies": {
        "@types/node": "*"
      }
    },
    "node_modules/@types/estree": {
      "version": "1.0.5",
      "dev": true,
      "license": "MIT"
    },
    "node_modules/@types/node": {
      "version": "18.19.22",
      "license": "MIT",
      "dependencies": {
        "undici-types": "~5.26.4"
      }
    },
    "node_modules/@typescript/lib-dom": {
      "name": "@types/web",
      "version": "0.0.140",
      "dev": true,
      "license": "Apache-2.0"
    },
    "node_modules/asynckit": {
      "version": "0.4.0",
      "license": "MIT"
    },
    "node_modules/axios": {
      "version": "1.6.7",
      "license": "MIT",
      "dependencies": {
        "follow-redirects": "^1.15.4",
        "form-data": "^4.0.0",
        "proxy-from-env": "^1.1.0"
      }
    },
    "node_modules/body-parser": {
      "version": "1.20.2",
      "license": "MIT",
      "dependencies": {
        "bytes": "3.1.2",
        "content-type": "~1.0.5",
        "debug": "2.6.9",
        "depd": "2.0.0",
        "destroy": "1.2.0",
        "http-errors": "2.0.0",
        "iconv-lite": "0.4.24",
        "on-finished": "2.4.1",
        "qs": "6.11.0",
        "raw-body": "2.5.2",
        "type-is": "~1.6.18",
        "unpipe": "1.0.0"
      },
      "engines": {
        "node": ">= 0.8",
        "npm": "1.2.8000 || >= 1.4.16"
      }
    },
    "node_modules/bytes": {
      "version": "3.1.2",
      "license": "MIT",
      "engines": {
        "node": ">= 0.8"
      }
    },
    "node_modules/call-bind": {
      "version": "1.0.7",
      "license": "MIT",
      "dependencies": {
        "es-define-property": "^1.0.0",
        "es-errors": "^1.3.0",
        "function-bind": "^1.1.2",
        "get-intrinsic": "^1.2.4",
        "set-function-length": "^1.2.1"
      },
      "engines": {
        "node": ">= 0.4"
      },
      "funding": {
        "url": "https://github.com/sponsors/ljharb"
      }
    },
    "node_modules/combined-stream": {
      "version": "1.0.8",
      "license": "MIT",
      "dependencies": {
        "delayed-stream": "~1.0.0"
      },
      "engines": {
        "node": ">= 0.8"
      }
    },
    "node_modules/content-type": {
      "version": "1.0.5",
      "license": "MIT",
      "engines": {
        "node": ">= 0.6"
      }
    },
    "node_modules/debug": {
      "version": "2.6.9",
      "license": "MIT",
      "dependencies": {
        "ms": "2.0.0"
      }
    },
    "node_modules/define-data-property": {
      "version": "1.1.4",
      "license": "MIT",
      "dependencies": {
        "es-define-property": "^1.0.0",
        "es-errors": "^1.3.0",
        "gopd": "^1.0.1"
      },
      "engines": {
        "node": ">= 0.4"
      },
      "funding": {
        "url": "https://github.com/sponsors/ljharb"
      }
    },
    "node_modules/delayed-stream": {
      "version": "1.0.0",
      "license": "MIT",
      "engines": {
        "node": ">=0.4.0"
      }
    },
    "node_modules/depd": {
      "version": "2.0.0",
      "license": "MIT",
      "engines": {
        "node": ">= 0.8"
      }
    },
    "node_modules/destroy": {
      "version": "1.2.0",
      "license": "MIT",
      "engines": {
        "node": ">= 0.8",
        "npm": "1.2.8000 || >= 1.4.16"
      }
    },
    "node_modules/ee-first": {
      "version": "1.1.1",
      "license": "MIT"
    },
    "node_modules/es-define-property": {
      "version": "1.0.0",
      "license": "MIT",
      "dependencies": {
        "get-intrinsic": "^1.2.4"
      },
      "engines": {
        "node": ">= 0.4"
      }
    },
    "node_modules/es-errors": {
      "version": "1.3.0",
      "license": "MIT",
      "engines": {
        "node": ">= 0.4"
      }
    },
    "node_modules/esbuild": {
      "version": "0.19.12",
      "dev": true,
      "hasInstallScript": true,
      "license": "MIT",
      "bin": {
        "esbuild": "bin/esbuild"
      },
      "engines": {
        "node": ">=12"
      },
      "optionalDependencies": {
        "@esbuild/aix-ppc64": "0.19.12",
        "@esbuild/android-arm": "0.19.12",
        "@esbuild/android-arm64": "0.19.12",
        "@esbuild/android-x64": "0.19.12",
        "@esbuild/darwin-arm64": "0.19.12",
        "@esbuild/darwin-x64": "0.19.12",
        "@esbuild/freebsd-arm64": "0.19.12",
        "@esbuild/freebsd-x64": "0.19.12",
        "@esbuild/linux-arm": "0.19.12",
        "@esbuild/linux-arm64": "0.19.12",
        "@esbuild/linux-ia32": "0.19.12",
        "@esbuild/linux-loong64": "0.19.12",
        "@esbuild/linux-mips64el": "0.19.12",
        "@esbuild/linux-ppc64": "0.19.12",
        "@esbuild/linux-riscv64": "0.19.12",
        "@esbuild/linux-s390x": "0.19.12",
        "@esbuild/linux-x64": "0.19.12",
        "@esbuild/netbsd-x64": "0.19.12",
        "@esbuild/openbsd-x64": "0.19.12",
        "@esbuild/sunos-x64": "0.19.12",
        "@esbuild/win32-arm64": "0.19.12",
        "@esbuild/win32-ia32": "0.19.12",
        "@esbuild/win32-x64": "0.19.12"
      }
    },
    "node_modules/file-type": {
      "version": "16.5.4",
      "license": "MIT",
      "dependencies": {
        "readable-web-to-node-stream": "^3.0.0",
        "strtok3": "^6.2.4",
        "token-types": "^4.1.1"
      },
      "engines": {
        "node": ">=10"
      },
      "funding": {
        "url": "https://github.com/sindresorhus/file-type?sponsor=1"
      }
    },
    "node_modules/follow-redirects": {
      "version": "1.15.5",
      "funding": [
        {
          "type": "individual",
          "url": "https://github.com/sponsors/RubenVerborgh"
        }
      ],
      "license": "MIT",
      "engines": {
        "node": ">=4.0"
      },
      "peerDependenciesMeta": {
        "debug": {
          "optional": true
        }
      }
    },
    "node_modules/form-data": {
      "version": "4.0.0",
      "license": "MIT",
      "dependencies": {
        "asynckit": "^0.4.0",
        "combined-stream": "^1.0.8",
        "mime-types": "^2.1.12"
      },
      "engines": {
        "node": ">= 6"
      }
    },
    "node_modules/function-bind": {
      "version": "1.1.2",
      "license": "MIT",
      "funding": {
        "url": "https://github.com/sponsors/ljharb"
      }
    },
    "node_modules/get-intrinsic": {
      "version": "1.2.4",
      "license": "MIT",
      "dependencies": {
        "es-errors": "^1.3.0",
        "function-bind": "^1.1.2",
        "has-proto": "^1.0.1",
        "has-symbols": "^1.0.3",
        "hasown": "^2.0.0"
      },
      "engines": {
        "node": ">= 0.4"
      },
      "funding": {
        "url": "https://github.com/sponsors/ljharb"
      }
    },
    "node_modules/gopd": {
      "version": "1.0.1",
      "license": "MIT",
      "dependencies": {
        "get-intrinsic": "^1.1.3"
      },
      "funding": {
        "url": "https://github.com/sponsors/ljharb"
      }
    },
    "node_modules/has-property-descriptors": {
      "version": "1.0.2",
      "license": "MIT",
      "dependencies": {
        "es-define-property": "^1.0.0"
      },
      "funding": {
        "url": "https://github.com/sponsors/ljharb"
      }
    },
    "node_modules/has-proto": {
      "version": "1.0.3",
      "license": "MIT",
      "engines": {
        "node": ">= 0.4"
      },
      "funding": {
        "url": "https://github.com/sponsors/ljharb"
      }
    },
    "node_modules/has-symbols": {
      "version": "1.0.3",
      "license": "MIT",
      "engines": {
        "node": ">= 0.4"
      },
      "funding": {
        "url": "https://github.com/sponsors/ljharb"
      }
    },
    "node_modules/hasown": {
      "version": "2.0.1",
      "license": "MIT",
      "dependencies": {
        "function-bind": "^1.1.2"
      },
      "engines": {
        "node": ">= 0.4"
      }
    },
    "node_modules/http-errors": {
      "version": "2.0.0",
      "license": "MIT",
      "dependencies": {
        "depd": "2.0.0",
        "inherits": "2.0.4",
        "setprototypeof": "1.2.0",
        "statuses": "2.0.1",
        "toidentifier": "1.0.1"
      },
      "engines": {
        "node": ">= 0.8"
      }
    },
    "node_modules/iconv-lite": {
      "version": "0.4.24",
      "license": "MIT",
      "dependencies": {
        "safer-buffer": ">= 2.1.2 < 3"
      },
      "engines": {
        "node": ">=0.10.0"
      }
    },
    "node_modules/ieee754": {
      "version": "1.2.1",
      "funding": [
        {
          "type": "github",
          "url": "https://github.com/sponsors/feross"
        },
        {
          "type": "patreon",
          "url": "https://www.patreon.com/feross"
        },
        {
          "type": "consulting",
          "url": "https://feross.org/support"
        }
      ],
      "license": "BSD-3-Clause"
    },
    "node_modules/inherits": {
      "version": "2.0.4",
      "license": "ISC"
    },
    "node_modules/media-typer": {
      "version": "0.3.0",
      "license": "MIT",
      "engines": {
        "node": ">= 0.6"
      }
    },
    "node_modules/mime-db": {
      "version": "1.52.0",
      "license": "MIT",
      "engines": {
        "node": ">= 0.6"
      }
    },
    "node_modules/mime-types": {
      "version": "2.1.35",
      "license": "MIT",
      "dependencies": {
        "mime-db": "1.52.0"
      },
      "engines": {
        "node": ">= 0.6"
      }
    },
    "node_modules/ms": {
      "version": "2.0.0",
      "license": "MIT"
    },
    "node_modules/nanoid": {
      "version": "3.3.7",
      "dev": true,
      "funding": [
        {
          "type": "github",
          "url": "https://github.com/sponsors/ai"
        }
      ],
      "license": "MIT",
      "bin": {
        "nanoid": "bin/nanoid.cjs"
      },
      "engines": {
        "node": "^10 || ^12 || ^13.7 || ^14 || >=15.0.1"
      }
    },
    "node_modules/object-inspect": {
      "version": "1.13.1",
      "license": "MIT",
      "funding": {
        "url": "https://github.com/sponsors/ljharb"
      }
    },
    "node_modules/on-finished": {
      "version": "2.4.1",
      "license": "MIT",
      "dependencies": {
        "ee-first": "1.1.1"
      },
      "engines": {
        "node": ">= 0.8"
      }
    },
    "node_modules/peek-readable": {
      "version": "4.1.0",
      "license": "MIT",
      "engines": {
        "node": ">=8"
      },
      "funding": {
        "type": "github",
        "url": "https://github.com/sponsors/Borewit"
      }
    },
    "node_modules/picocolors": {
      "version": "1.0.0",
      "dev": true,
      "license": "ISC"
    },
    "node_modules/postcss": {
      "version": "8.4.35",
      "dev": true,
      "funding": [
        {
          "type": "opencollective",
          "url": "https://opencollective.com/postcss/"
        },
        {
          "type": "tidelift",
          "url": "https://tidelift.com/funding/github/npm/postcss"
        },
        {
          "type": "github",
          "url": "https://github.com/sponsors/ai"
        }
      ],
      "license": "MIT",
      "dependencies": {
        "nanoid": "^3.3.7",
        "picocolors": "^1.0.0",
        "source-map-js": "^1.0.2"
      },
      "engines": {
        "node": "^10 || ^12 || >=14"
      }
    },
    "node_modules/proxy-from-env": {
      "version": "1.1.0",
      "license": "MIT"
    },
    "node_modules/qs": {
      "version": "6.11.0",
      "license": "BSD-3-Clause",
      "dependencies": {
        "side-channel": "^1.0.4"
      },
      "engines": {
        "node": ">=0.6"
      },
      "funding": {
        "url": "https://github.com/sponsors/ljharb"
      }
    },
    "node_modules/raw-body": {
      "version": "2.5.2",
      "license": "MIT",
      "dependencies": {
        "bytes": "3.1.2",
        "http-errors": "2.0.0",
        "iconv-lite": "0.4.24",
        "unpipe": "1.0.0"
      },
      "engines": {
        "node": ">= 0.8"
      }
    },
    "node_modules/readable-stream": {
      "version": "3.6.2",
      "license": "MIT",
      "dependencies": {
        "inherits": "^2.0.3",
        "string_decoder": "^1.1.1",
        "util-deprecate": "^1.0.1"
      },
      "engines": {
        "node": ">= 6"
      }
    },
    "node_modules/readable-web-to-node-stream": {
      "version": "3.0.2",
      "license": "MIT",
      "dependencies": {
        "readable-stream": "^3.6.0"
      },
      "engines": {
        "node": ">=8"
      },
      "funding": {
        "type": "github",
        "url": "https://github.com/sponsors/Borewit"
      }
    },
    "node_modules/rollup": {
      "version": "4.12.1",
      "dev": true,
      "license": "MIT",
      "dependencies": {
        "@types/estree": "1.0.5"
      },
      "bin": {
        "rollup": "dist/bin/rollup"
      },
      "engines": {
        "node": ">=18.0.0",
        "npm": ">=8.0.0"
      },
      "optionalDependencies": {
        "@rollup/rollup-android-arm-eabi": "4.12.1",
        "@rollup/rollup-android-arm64": "4.12.1",
        "@rollup/rollup-darwin-arm64": "4.12.1",
        "@rollup/rollup-darwin-x64": "4.12.1",
        "@rollup/rollup-linux-arm-gnueabihf": "4.12.1",
        "@rollup/rollup-linux-arm64-gnu": "4.12.1",
        "@rollup/rollup-linux-arm64-musl": "4.12.1",
        "@rollup/rollup-linux-riscv64-gnu": "4.12.1",
        "@rollup/rollup-linux-x64-gnu": "4.12.1",
        "@rollup/rollup-linux-x64-musl": "4.12.1",
        "@rollup/rollup-win32-arm64-msvc": "4.12.1",
        "@rollup/rollup-win32-ia32-msvc": "4.12.1",
        "@rollup/rollup-win32-x64-msvc": "4.12.1",
        "fsevents": "~2.3.2"
      }
    },
    "node_modules/safe-buffer": {
      "version": "5.2.1",
      "funding": [
        {
          "type": "github",
          "url": "https://github.com/sponsors/feross"
        },
        {
          "type": "patreon",
          "url": "https://www.patreon.com/feross"
        },
        {
          "type": "consulting",
          "url": "https://feross.org/support"
        }
      ],
      "license": "MIT"
    },
    "node_modules/safer-buffer": {
      "version": "2.1.2",
      "license": "MIT"
    },
    "node_modules/set-function-length": {
      "version": "1.2.2",
      "license": "MIT",
      "dependencies": {
        "define-data-property": "^1.1.4",
        "es-errors": "^1.3.0",
        "function-bind": "^1.1.2",
        "get-intrinsic": "^1.2.4",
        "gopd": "^1.0.1",
        "has-property-descriptors": "^1.0.2"
      },
      "engines": {
        "node": ">= 0.4"
      }
    },
    "node_modules/setprototypeof": {
      "version": "1.2.0",
      "license": "ISC"
    },
    "node_modules/side-channel": {
      "version": "1.0.6",
      "license": "MIT",
      "dependencies": {
        "call-bind": "^1.0.7",
        "es-errors": "^1.3.0",
        "get-intrinsic": "^1.2.4",
        "object-inspect": "^1.13.1"
      },
      "engines": {
        "node": ">= 0.4"
      },
      "funding": {
        "url": "https://github.com/sponsors/ljharb"
      }
    },
    "node_modules/source-map-js": {
      "version": "1.0.2",
      "dev": true,
      "license": "BSD-3-Clause",
      "engines": {
        "node": ">=0.10.0"
      }
    },
    "node_modules/statuses": {
      "version": "2.0.1",
      "license": "MIT",
      "engines": {
        "node": ">= 0.8"
      }
    },
    "node_modules/string_decoder": {
      "version": "1.3.0",
      "license": "MIT",
      "dependencies": {
        "safe-buffer": "~5.2.0"
      }
    },
    "node_modules/strtok3": {
      "version": "6.3.0",
      "license": "MIT",
      "dependencies": {
        "@tokenizer/token": "^0.3.0",
        "peek-readable": "^4.1.0"
      },
      "engines": {
        "node": ">=10"
      },
      "funding": {
        "type": "github",
        "url": "https://github.com/sponsors/Borewit"
      }
    },
    "node_modules/tiny-sha256": {
      "version": "1.0.2",
      "license": "Public domain"
    },
    "node_modules/toidentifier": {
      "version": "1.0.1",
      "license": "MIT",
      "engines": {
        "node": ">=0.6"
      }
    },
    "node_modules/token-types": {
      "version": "4.2.1",
      "license": "MIT",
      "dependencies": {
        "@tokenizer/token": "^0.3.0",
        "ieee754": "^1.2.1"
      },
      "engines": {
        "node": ">=10"
      },
      "funding": {
        "type": "github",
        "url": "https://github.com/sponsors/Borewit"
      }
    },
    "node_modules/tslib": {
      "version": "2.6.2",
      "license": "0BSD"
    },
    "node_modules/type-is": {
      "version": "1.6.18",
      "license": "MIT",
      "dependencies": {
        "media-typer": "0.3.0",
        "mime-types": "~2.1.24"
      },
      "engines": {
        "node": ">= 0.6"
      }
    },
    "node_modules/typescript": {
      "version": "5.4.2",
      "dev": true,
      "license": "Apache-2.0",
      "bin": {
        "tsc": "bin/tsc",
        "tsserver": "bin/tsserver"
      },
      "engines": {
        "node": ">=14.17"
      }
    },
    "node_modules/undici-types": {
      "version": "5.26.5",
      "license": "MIT"
    },
    "node_modules/unpipe": {
      "version": "1.0.0",
      "license": "MIT",
      "engines": {
        "node": ">= 0.8"
      }
    },
    "node_modules/util-deprecate": {
      "version": "1.0.2",
      "license": "MIT"
    },
    "node_modules/vite": {
      "version": "5.1.5",
      "dev": true,
      "license": "MIT",
      "dependencies": {
        "esbuild": "^0.19.3",
        "postcss": "^8.4.35",
        "rollup": "^4.2.0"
      },
      "bin": {
        "vite": "bin/vite.js"
      },
      "engines": {
        "node": "^18.0.0 || >=20.0.0"
      },
      "funding": {
        "url": "https://github.com/vitejs/vite?sponsor=1"
      },
      "optionalDependencies": {
        "fsevents": "~2.3.3"
      },
      "peerDependencies": {
        "@types/node": "^18.0.0 || >=20.0.0",
        "less": "*",
        "lightningcss": "^1.21.0",
        "sass": "*",
        "stylus": "*",
        "sugarss": "*",
        "terser": "^5.4.0"
      },
      "peerDependenciesMeta": {
        "@types/node": {
          "optional": true
        },
        "less": {
          "optional": true
        },
        "lightningcss": {
          "optional": true
        },
        "sass": {
          "optional": true
        },
        "stylus": {
          "optional": true
        },
        "sugarss": {
          "optional": true
        },
        "terser": {
          "optional": true
        }
      }
    },
    "node_modules/whatwg-fetch": {
      "version": "3.6.20",
      "license": "MIT"
    }
  }
}
